
Microsoft Visual Studio Solution File, Format Version 12.00
# Visual Studio 15
VisualStudioVersion = 15.0.27428.2015
MinimumVisualStudioVersion = 10.0.40219.1
Project("{FAE04EC0-301F-11D3-BF4B-00C04F79EFBC}") = "MenuStudent", "MenuStudent\MenuStudent.csproj", "{ABE844FB-CB19-469E-AB6B-7C3B2C7DBCCC}"
EndProject
Global
	GlobalSection(SolutionConfigurationPlatforms) = preSolution
		Debug|Any CPU = Debug|Any CPU
		Release|Any CPU = Release|Any CPU
	EndGlobalSection
	GlobalSection(ProjectConfigurationPlatforms) = postSolution
		{ABE844FB-CB19-469E-AB6B-7C3B2C7DBCCC}.Debug|Any CPU.ActiveCfg = Debug|Any CPU
		{ABE844FB-CB19-469E-AB6B-7C3B2C7DBCCC}.Debug|Any CPU.Build.0 = Debug|Any CPU
		{ABE844FB-CB19-469E-AB6B-7C3B2C7DBCCC}.Release|Any CPU.ActiveCfg = Release|Any CPU
		{ABE844FB-CB19-469E-AB6B-7C3B2C7DBCCC}.Release|Any CPU.Build.0 = Release|Any CPU
	EndGlobalSection
	GlobalSection(SolutionProperties) = preSolution
		HideSolutionNode = FALSE
	EndGlobalSection
	GlobalSection(ExtensibilityGlobals) = postSolution
		SolutionGuid = {3E3C6AAC-39DE-48D9-ACE4-F6BD0FE18597}
	EndGlobalSection
EndGlobal
